// !$*UTF8*$!
{
	archiveVersion = 1;
	classes = {
	};
	objectVersion = 50;
	objects = {

/* Begin PBXBuildFile section */
		B25BA01121143C88001BB8CF /* main.c in Sources */ = {isa = PBXBuildFile; fileRef = B25BA01021143C88001BB8CF /* main.c */; };
		B25BA01C21144A55001BB8CF /* main.c in Sources */ = {isa = PBXBuildFile; fileRef = B25BA01B21144A55001BB8CF /* main.c */; };
		B2BCE0382113E50300C87F79 /* main.c in Sources */ = {isa = PBXBuildFile; fileRef = B2BCE0372113E50300C87F79 /* main.c */; };
/* End PBXBuildFile section */

/* Begin PBXCopyFilesBuildPhase section */
		B25BA00C21143C88001BB8CF /* CopyFiles */ = {
			isa = PBXCopyFilesBuildPhase;
			buildActionMask = 2147483647;
			dstPath = /usr/share/man/man1/;
			dstSubfolderSpec = 0;
			files = (
			);
			runOnlyForDeploymentPostprocessing = 1;
		};
		B25BA01721144A55001BB8CF /* CopyFiles */ = {
			isa = PBXCopyFilesBuildPhase;
			buildActionMask = 2147483647;
			dstPath = /usr/share/man/man1/;
			dstSubfolderSpec = 0;
			files = (
			);
			runOnlyForDeploymentPostprocessing = 1;
		};
		B2BCE0322113E50300C87F79 /* CopyFiles */ = {
			isa = PBXCopyFilesBuildPhase;
			buildActionMask = 2147483647;
			dstPath = /usr/share/man/man1/;
			dstSubfolderSpec = 0;
			files = (
			);
			runOnlyForDeploymentPostprocessing = 1;
		};
/* End PBXCopyFilesBuildPhase section */

/* Begin PBXFileReference section */
		B25BA00E21143C88001BB8CF /* zflhl */ = {isa = PBXFileReference; explicitFileType = "compiled.mach-o.executable"; includeInIndex = 0; path = zflhl; sourceTree = BUILT_PRODUCTS_DIR; };
		B25BA01021143C88001BB8CF /* main.c */ = {isa = PBXFileReference; lastKnownFileType = sourcecode.c.c; path = main.c; sourceTree = "<group>"; };
		B25BA01921144A55001BB8CF /* tbt_psw */ = {isa = PBXFileReference; explicitFileType = "compiled.mach-o.executable"; includeInIndex = 0; path = tbt_psw; sourceTree = BUILT_PRODUCTS_DIR; };
		B25BA01B21144A55001BB8CF /* main.c */ = {isa = PBXFileReference; lastKnownFileType = sourcecode.c.c; path = main.c; sourceTree = "<group>"; };
		B2BCE0342113E50300C87F79 /* learn_c */ = {isa = PBXFileReference; explicitFileType = "compiled.mach-o.executable"; includeInIndex = 0; path = learn_c; sourceTree = BUILT_PRODUCTS_DIR; };
		B2BCE0372113E50300C87F79 /* main.c */ = {isa = PBXFileReference; lastKnownFileType = sourcecode.c.c; path = main.c; sourceTree = "<group>"; };
/* End PBXFileReference section */

/* Begin PBXFrameworksBuildPhase section */
		B25BA00B21143C88001BB8CF /* Frameworks */ = {
			isa = PBXFrameworksBuildPhase;
			buildActionMask = 2147483647;
			files = (
			);
			runOnlyForDeploymentPostprocessing = 0;
		};
		B25BA01621144A55001BB8CF /* Frameworks */ = {
			isa = PBXFrameworksBuildPhase;
			buildActionMask = 2147483647;
			files = (
			);
			runOnlyForDeploymentPostprocessing = 0;
		};
		B2BCE0312113E50300C87F79 /* Frameworks */ = {
			isa = PBXFrameworksBuildPhase;
			buildActionMask = 2147483647;
			files = (
			);
			runOnlyForDeploymentPostprocessing = 0;
		};
/* End PBXFrameworksBuildPhase section */

/* Begin PBXGroup section */
		B25BA00F21143C88001BB8CF /* zflhl */ = {
			isa = PBXGroup;
			children = (
				B25BA01021143C88001BB8CF /* main.c */,
			);
			path = zflhl;
			sourceTree = "<group>";
		};
		B25BA01A21144A55001BB8CF /* tbt_psw */ = {
			isa = PBXGroup;
			children = (
				B25BA01B21144A55001BB8CF /* main.c */,
			);
			path = tbt_psw;
			sourceTree = "<group>";
		};
		B2BCE02B2113E50300C87F79 = {
			isa = PBXGroup;
			children = (
				B2BCE0362113E50300C87F79 /* learn_c */,
				B25BA00F21143C88001BB8CF /* zflhl */,
				B25BA01A21144A55001BB8CF /* tbt_psw */,
				B2BCE0352113E50300C87F79 /* Products */,
			);
			sourceTree = "<group>";
		};
		B2BCE0352113E50300C87F79 /* Products */ = {
			isa = PBXGroup;
			children = (
				B2BCE0342113E50300C87F79 /* learn_c */,
				B25BA00E21143C88001BB8CF /* zflhl */,
				B25BA01921144A55001BB8CF /* tbt_psw */,
			);
			name = Products;
			sourceTree = "<group>";
		};
		B2BCE0362113E50300C87F79 /* learn_c */ = {
			isa = PBXGroup;
			children = (
				B2BCE0372113E50300C87F79 /* main.c */,
			);
			path = learn_c;
			sourceTree = "<group>";
		};
/* End PBXGroup section */

/* Begin PBXNativeTarget section */
		B25BA00D21143C88001BB8CF /* zflhl */ = {
			isa = PBXNativeTarget;
			buildConfigurationList = B25BA01221143C88001BB8CF /* Build configuration list for PBXNativeTarget "zflhl" */;
			buildPhases = (
				B25BA00A21143C88001BB8CF /* Sources */,
				B25BA00B21143C88001BB8CF /* Frameworks */,
				B25BA00C21143C88001BB8CF /* CopyFiles */,
			);
			buildRules = (
			);
			dependencies = (
			);
			name = zflhl;
			productName = zflhl;
			productReference = B25BA00E21143C88001BB8CF /* zflhl */;
			productType = "com.apple.product-type.tool";
		};
		B25BA01821144A55001BB8CF /* tbt_psw */ = {
			isa = PBXNativeTarget;
			buildConfigurationList = B25BA01D21144A55001BB8CF /* Build configuration list for PBXNativeTarget "tbt_psw" */;
			buildPhases = (
				B25BA01521144A55001BB8CF /* Sources */,
				B25BA01621144A55001BB8CF /* Frameworks */,
				B25BA01721144A55001BB8CF /* CopyFiles */,
			);
			buildRules = (
			);
			dependencies = (
			);
			name = tbt_psw;
			productName = tbt_psw;
			productReference = B25BA01921144A55001BB8CF /* tbt_psw */;
			productType = "com.apple.product-type.tool";
		};
		B2BCE0332113E50300C87F79 /* learn_c */ = {
			isa = PBXNativeTarget;
			buildConfigurationList = B2BCE03B2113E50300C87F79 /* Build configuration list for PBXNativeTarget "learn_c" */;
			buildPhases = (
				B2BCE0302113E50300C87F79 /* Sources */,
				B2BCE0312113E50300C87F79 /* Frameworks */,
				B2BCE0322113E50300C87F79 /* CopyFiles */,
			);
			buildRules = (
			);
			dependencies = (
			);
			name = learn_c;
			productName = learn_c;
			productReference = B2BCE0342113E50300C87F79 /* learn_c */;
			productType = "com.apple.product-type.tool";
		};
/* End PBXNativeTarget section */

/* Begin PBXProject section */
		B2BCE02C2113E50300C87F79 /* Project object */ = {
			isa = PBXProject;
			attributes = {
				LastUpgradeCheck = 0940;
				ORGANIZATIONNAME = zhanfeng.zhang;
				TargetAttributes = {
					B25BA00D21143C88001BB8CF = {
						CreatedOnToolsVersion = 9.4.1;
					};
					B25BA01821144A55001BB8CF = {
						CreatedOnToolsVersion = 9.4.1;
					};
					B2BCE0332113E50300C87F79 = {
						CreatedOnToolsVersion = 9.4.1;
					};
				};
			};
			buildConfigurationList = B2BCE02F2113E50300C87F79 /* Build configuration list for PBXProject "learn_c" */;
			compatibilityVersion = "Xcode 9.3";
			developmentRegion = en;
			hasScannedForEncodings = 0;
			knownRegions = (
				en,
			);
			mainGroup = B2BCE02B2113E50300C87F79;
			productRefGroup = B2BCE0352113E50300C87F79 /* Products */;
			projectDirPath = "";
			projectRoot = "";
			targets = (
				B2BCE0332113E50300C87F79 /* learn_c */,
				B25BA00D21143C88001BB8CF /* zflhl */,
				B25BA01821144A55001BB8CF /* tbt_psw */,
			);
		};
/* End PBXProject section */

/* Begin PBXSourcesBuildPhase section */
		B25BA00A21143C88001BB8CF /* Sources */ = {
			isa = PBXSourcesBuildPhase;
			buildActionMask = 2147483647;
			files = (
				B25BA01121143C88001BB8CF /* main.c in Sources */,
			);
			runOnlyForDeploymentPostprocessing = 0;
		};
		B25BA01521144A55001BB8CF /* Sources */ = {
			isa = PBXSourcesBuildPhase;
			buildActionMask = 2147483647;
			files = (
				B25BA01C21144A55001BB8CF /* main.c in Sources */,
			);
			runOnlyForDeploymentPostprocessing = 0;
		};
		B2BCE0302113E50300C87F79 /* Sources */ = {
			isa = PBXSourcesBuildPhase;
			buildActionMask = 2147483647;
			files = (
				B2BCE0382113E50300C87F79 /* main.c in Sources */,
			);
			runOnlyForDeploymentPostprocessing = 0;
		};
/* End PBXSourcesBuildPhase section */

/* Begin XCBuildConfiguration section */
		B25BA01321143C88001BB8CF /* Debug */ = {
			isa = XCBuildConfiguration;
			buildSettings = {
				CODE_SIGN_STYLE = Automatic;
				PRODUCT_NAME = "$(TARGET_NAME)";
			};
			name = Debug;
		};
		B25BA01421143C88001BB8CF /* Release */ = {
			isa = XCBuildConfiguration;
			buildSettings = {
				CODE_SIGN_STYLE = Automatic;
				PRODUCT_NAME = "$(TARGET_NAME)";
			};
			name = Release;
		};
		B25BA01E21144A55001BB8CF /* Debug */ = {
			isa = XCBuildConfiguration;
			buildSettings = {
				CODE_SIGN_STYLE = Automatic;
				PRODUCT_NAME = "$(TARGET_NAME)";
			};
			name = Debug;
		};
		B25BA01F21144A55001BB8CF /* Release */ = {
			isa = XCBuildConfiguration;
			buildSettings = {
				CODE_SIGN_STYLE = Automatic;
				PRODUCT_NAME = "$(TARGET_NAME)";
			};
			name = Release;
		};
		B2BCE0392113E50300C87F79 /* Debug */ = {
			isa = XCBuildConfiguration;
			buildSettings = {
				ALWAYS_SEARCH_USER_PATHS = NO;
				CLANG_ANALYZER_NONNULL = YES;
				CLANG_ANALYZER_NUMBER_OBJECT_CONVERSION = YES_AGGRESSIVE;
				CLANG_CXX_LANGUAGE_STANDARD = "gnu++14";
				CLANG_CXX_LIBRARY = "libc++";
				CLANG_ENABLE_MODULES = YES;
				CLANG_ENABLE_OBJC_ARC = YES;
				CLANG_ENABLE_OBJC_WEAK = YES;
				CLANG_WARN_BLOCK_CAPTURE_AUTORELEASING = YES;
				CLANG_WARN_BOOL_CONVERSION = YES;
				CLANG_WARN_COMMA = YES;
				CLANG_WARN_CONSTANT_CONVERSION = YES;
				CLANG_WARN_DEPRECATED_OBJC_IMPLEMENTATIONS = YES;
				CLANG_WARN_DIRECT_OBJC_ISA_USAGE = YES_ERROR;
				CLANG_WARN_DOCUMENTATION_COMMENTS = YES;
				CLANG_WARN_EMPTY_BODY = YES;
				CLANG_WARN_ENUM_CONVERSION = YES;
				CLANG_WARN_INFINITE_RECURSION = YES;
				CLANG_WARN_INT_CONVERSION = YES;
				CLANG_WARN_NON_LITERAL_NULL_CONVERSION = YES;
				CLANG_WARN_OBJC_IMPLICIT_RETAIN_SELF = YES;
				CLANG_WARN_OBJC_LITERAL_CONVERSION = YES;
				CLANG_WARN_OBJC_ROOT_CLASS = YES_ERROR;
				CLANG_WARN_RANGE_LOOP_ANALYSIS = YES;
				CLANG_WARN_STRICT_PROTOTYPES = YES;
				CLANG_WARN_SUSPICIOUS_MOVE = YES;
				CLANG_WARN_UNGUARDED_AVAILABILITY = YES_AGGRESSIVE;
				CLANG_WARN_UNREACHABLE_CODE = YES;
				CLANG_WARN__DUPLICATE_METHOD_MATCH = YES;
				CODE_SIGN_IDENTITY = "-";
				COPY_PHASE_STRIP = NO;
				DEBUG_INFORMATION_FORMAT = dwarf;
				ENABLE_STRICT_OBJC_MSGSEND = YES;
				ENABLE_TESTABILITY = YES;
				GCC_C_LANGUAGE_STANDARD = gnu11;
				GCC_DYNAMIC_NO_PIC = NO;
				GCC_NO_COMMON_BLOCKS = YES;
				GCC_OPTIMIZATION_LEVEL = 0;
				GCC_PREPROCESSOR_DEFINITIONS = (
					"DEBUG=1",
					"$(inherited)",
				);
				GCC_WARN_64_TO_32_BIT_CONVERSION = YES;
				GCC_WARN_ABOUT_RETURN_TYPE = YES_ERROR;
				GCC_WARN_UNDECLARED_SELECTOR = YES;
				GCC_WARN_UNINITIALIZED_AUTOS = YES_AGGRESSIVE;
				GCC_WARN_UNUSED_FUNCTION = YES;
				GCC_WARN_UNUSED_VARIABLE = YES;
				MACOSX_DEPLOYMENT_TARGET = 10.13;
				MTL_ENABLE_DEBUG_INFO = YES;
				ONLY_ACTIVE_ARCH = YES;
				SDKROOT = macosx;
			};
			name = Debug;
		};
		B2BCE03A2113E50300C87F79 /* Release */ = {
			isa = XCBuildConfiguration;
			buildSettings = {
				ALWAYS_SEARCH_USER_PATHS = NO;
				CLANG_ANALYZER_NONNULL = YES;
				CLANG_ANALYZER_NUMBER_OBJECT_CONVERSION = YES_AGGRESSIVE;
				CLANG_CXX_LANGUAGE_STANDARD = "gnu++14";
				CLANG_CXX_LIBRARY = "libc++";
				CLANG_ENABLE_MODULES = YES;
				CLANG_ENABLE_OBJC_ARC = YES;
				CLANG_ENABLE_OBJC_WEAK = YES;
				CLANG_WARN_BLOCK_CAPTURE_AUTORELEASING = YES;
				CLANG_WARN_BOOL_CONVERSION = YES;
				CLANG_WARN_COMMA = YES;
				CLANG_WARN_CONSTANT_CONVERSION = YES;
				CLANG_WARN_DEPRECATED_OBJC_IMPLEMENTATIONS = YES;
				CLANG_WARN_DIRECT_OBJC_ISA_USAGE = YES_ERROR;
				CLANG_WARN_DOCUMENTATION_COMMENTS = YES;
				CLANG_WARN_EMPTY_BODY = YES;
				CLANG_WARN_ENUM_CONVERSION = YES;
				CLANG_WARN_INFINITE_RECURSION = YES;
				CLANG_WARN_INT_CONVERSION = YES;
				CLANG_WARN_NON_LITERAL_NULL_CONVERSION = YES;
				CLANG_WARN_OBJC_IMPLICIT_RETAIN_SELF = YES;
				CLANG_WARN_OBJC_LITERAL_CONVERSION = YES;
				CLANG_WARN_OBJC_ROOT_CLASS = YES_ERROR;
				CLANG_WARN_RANGE_LOOP_ANALYSIS = YES;
				CLANG_WARN_STRICT_PROTOTYPES = YES;
				CLANG_WARN_SUSPICIOUS_MOVE = YES;
				CLANG_WARN_UNGUARDED_AVAILABILITY = YES_AGGRESSIVE;
				CLANG_WARN_UNREACHABLE_CODE = YES;
				CLANG_WARN__DUPLICATE_METHOD_MATCH = YES;
				CODE_SIGN_IDENTITY = "-";
				COPY_PHASE_STRIP = NO;
				DEBUG_INFORMATION_FORMAT = "dwarf-with-dsym";
				ENABLE_NS_ASSERTIONS = NO;
				ENABLE_STRICT_OBJC_MSGSEND = YES;
				GCC_C_LANGUAGE_STANDARD = gnu11;
				GCC_NO_COMMON_BLOCKS = YES;
				GCC_WARN_64_TO_32_BIT_CONVERSION = YES;
				GCC_WARN_ABOUT_RETURN_TYPE = YES_ERROR;
				GCC_WARN_UNDECLARED_SELECTOR = YES;
				GCC_WARN_UNINITIALIZED_AUTOS = YES_AGGRESSIVE;
				GCC_WARN_UNUSED_FUNCTION = YES;
				GCC_WARN_UNUSED_VARIABLE = YES;
				MACOSX_DEPLOYMENT_TARGET = 10.13;
				MTL_ENABLE_DEBUG_INFO = NO;
				SDKROOT = macosx;
			};
			name = Release;
		};
		B2BCE03C2113E50300C87F79 /* Debug */ = {
			isa = XCBuildConfiguration;
			buildSettings = {
				CODE_SIGN_STYLE = Automatic;
				PRODUCT_NAME = "$(TARGET_NAME)";
			};
			name = Debug;
		};
		B2BCE03D2113E50300C87F79 /* Release */ = {
			isa = XCBuildConfiguration;
			buildSettings = {
				CODE_SIGN_STYLE = Automatic;
				PRODUCT_NAME = "$(TARGET_NAME)";
			};
			name = Release;
		};
/* End XCBuildConfiguration section */

/* Begin XCConfigurationList section */
		B25BA01221143C88001BB8CF /* Build configuration list for PBXNativeTarget "zflhl" */ = {
			isa = XCConfigurationList;
			buildConfigurations = (
				B25BA01321143C88001BB8CF /* Debug */,
				B25BA01421143C88001BB8CF /* Release */,
			);
			defaultConfigurationIsVisible = 0;
			defaultConfigurationName = Release;
		};
		B25BA01D21144A55001BB8CF /* Build configuration list for PBXNativeTarget "tbt_psw" */ = {
			isa = XCConfigurationList;
			buildConfigurations = (
				B25BA01E21144A55001BB8CF /* Debug */,
				B25BA01F21144A55001BB8CF /* Release */,
			);
			defaultConfigurationIsVisible = 0;
			defaultConfigurationName = Release;
		};
		B2BCE02F2113E50300C87F79 /* Build configuration list for PBXProject "learn_c" */ = {
			isa = XCConfigurationList;
			buildConfigurations = (
				B2BCE0392113E50300C87F79 /* Debug */,
				B2BCE03A2113E50300C87F79 /* Release */,
			);
			defaultConfigurationIsVisible = 0;
			defaultConfigurationName = Release;
		};
		B2BCE03B2113E50300C87F79 /* Build configuration list for PBXNativeTarget "learn_c" */ = {
			isa = XCConfigurationList;
			buildConfigurations = (
				B2BCE03C2113E50300C87F79 /* Debug */,
				B2BCE03D2113E50300C87F79 /* Release */,
			);
			defaultConfigurationIsVisible = 0;
			defaultConfigurationName = Release;
		};
/* End XCConfigurationList section */
	};
	rootObject = B2BCE02C2113E50300C87F79 /* Project object */;
}
